
Microsoft Visual Studio Solution File, Format Version 12.00
# Visual Studio Version 17
VisualStudioVersion = 17.11.35208.52
MinimumVisualStudioVersion = 10.0.40219.1
Project("{9A19103F-16F7-4668-BE54-9A1E7A4F7556}") = "CodeDance.Account", "CodeDance.Account\CodeDance.Account.csproj", "{5991BDC9-B74C-4A20-9D4F-73ED09761F64}"
EndProject
Global
	GlobalSection(SolutionConfigurationPlatforms) = preSolution
		Debug|Any CPU = Debug|Any CPU
		Release|Any CPU = Release|Any CPU
	EndGlobalSection
	GlobalSection(ProjectConfigurationPlatforms) = postSolution
		{5991BDC9-B74C-4A20-9D4F-73ED09761F64}.Debug|Any CPU.ActiveCfg = Debug|Any CPU
		{5991BDC9-B74C-4A20-9D4F-73ED09761F64}.Debug|Any CPU.Build.0 = Debug|Any CPU
		{5991BDC9-B74C-4A20-9D4F-73ED09761F64}.Release|Any CPU.ActiveCfg = Release|Any CPU
		{5991BDC9-B74C-4A20-9D4F-73ED09761F64}.Release|Any CPU.Build.0 = Release|Any CPU
	EndGlobalSection
	GlobalSection(SolutionProperties) = preSolution
		HideSolutionNode = FALSE
	EndGlobalSection
	GlobalSection(ExtensibilityGlobals) = postSolution
		SolutionGuid = {93E3C3E9-B83C-42FA-95A2-A31D3B6B7EB2}
	EndGlobalSection
EndGlobal
